
Microsoft Visual Studio Solution File, Format Version 12.00
# Visual Studio Version 17
VisualStudioVersion = 17.11.35327.3
MinimumVisualStudioVersion = 10.0.40219.1
Project("{FAE04EC0-301F-11D3-BF4B-00C04F79EFBC}") = "Malování", "Malování.csproj", "{AD0B5895-CBE5-4EF6-8097-48D9752D6C5D}"
EndProject
Global
	GlobalSection(SolutionConfigurationPlatforms) = preSolution
		Debug|Any CPU = Debug|Any CPU
		Release|Any CPU = Release|Any CPU
	EndGlobalSection
	GlobalSection(ProjectConfigurationPlatforms) = postSolution
		{AD0B5895-CBE5-4EF6-8097-48D9752D6C5D}.Debug|Any CPU.ActiveCfg = Debug|Any CPU
		{AD0B5895-CBE5-4EF6-8097-48D9752D6C5D}.Debug|Any CPU.Build.0 = Debug|Any CPU
		{AD0B5895-CBE5-4EF6-8097-48D9752D6C5D}.Release|Any CPU.ActiveCfg = Release|Any CPU
		{AD0B5895-CBE5-4EF6-8097-48D9752D6C5D}.Release|Any CPU.Build.0 = Release|Any CPU
	EndGlobalSection
	GlobalSection(SolutionProperties) = preSolution
		HideSolutionNode = FALSE
	EndGlobalSection
	GlobalSection(ExtensibilityGlobals) = postSolution
		SolutionGuid = {49174DCF-7279-4A0D-951C-694C13EC99BA}
	EndGlobalSection
EndGlobal
