
Microsoft Visual Studio Solution File, Format Version 12.00
# Visual Studio Version 17
VisualStudioVersion = 17.11.35327.3
MinimumVisualStudioVersion = 10.0.40219.1
Project("{FAE04EC0-301F-11D3-BF4B-00C04F79EFBC}") = "ClassIntro", "ClassIntro.csproj", "{B3ACF7A6-FB7A-46D0-9DA6-6A723C2EA590}"
EndProject
Global
	GlobalSection(SolutionConfigurationPlatforms) = preSolution
		Debug|Any CPU = Debug|Any CPU
		Release|Any CPU = Release|Any CPU
	EndGlobalSection
	GlobalSection(ProjectConfigurationPlatforms) = postSolution
		{B3ACF7A6-FB7A-46D0-9DA6-6A723C2EA590}.Debug|Any CPU.ActiveCfg = Debug|Any CPU
		{B3ACF7A6-FB7A-46D0-9DA6-6A723C2EA590}.Debug|Any CPU.Build.0 = Debug|Any CPU
		{B3ACF7A6-FB7A-46D0-9DA6-6A723C2EA590}.Release|Any CPU.ActiveCfg = Release|Any CPU
		{B3ACF7A6-FB7A-46D0-9DA6-6A723C2EA590}.Release|Any CPU.Build.0 = Release|Any CPU
	EndGlobalSection
	GlobalSection(SolutionProperties) = preSolution
		HideSolutionNode = FALSE
	EndGlobalSection
	GlobalSection(ExtensibilityGlobals) = postSolution
		SolutionGuid = {8BE68BBB-0FF6-4159-8DA9-A7E740258AA7}
	EndGlobalSection
EndGlobal
